
Microsoft Visual Studio Solution File, Format Version 12.00
# Visual Studio Version 17
VisualStudioVersion = 17.5.33502.453
MinimumVisualStudioVersion = 10.0.40219.1
Project("{9A19103F-16F7-4668-BE54-9A1E7A4F7556}") = "ChemTrack", "ChemTrack.csproj", "{FF72461D-4AE9-4BB5-BB24-8EDD058A269B}"
EndProject
Global
	GlobalSection(SolutionConfigurationPlatforms) = preSolution
		Debug|Any CPU = Debug|Any CPU
		Release|Any CPU = Release|Any CPU
	EndGlobalSection
	GlobalSection(ProjectConfigurationPlatforms) = postSolution
		{FF72461D-4AE9-4BB5-BB24-8EDD058A269B}.Debug|Any CPU.ActiveCfg = Debug|Any CPU
		{FF72461D-4AE9-4BB5-BB24-8EDD058A269B}.Debug|Any CPU.Build.0 = Debug|Any CPU
		{FF72461D-4AE9-4BB5-BB24-8EDD058A269B}.Release|Any CPU.ActiveCfg = Release|Any CPU
		{FF72461D-4AE9-4BB5-BB24-8EDD058A269B}.Release|Any CPU.Build.0 = Release|Any CPU
	EndGlobalSection
	GlobalSection(SolutionProperties) = preSolution
		HideSolutionNode = FALSE
	EndGlobalSection
	GlobalSection(ExtensibilityGlobals) = postSolution
		SolutionGuid = {0216C2A8-79DC-43E2-84F1-3EED988D5F02}
	EndGlobalSection
EndGlobal
